{
  "version": 4,
  "terraform_version": "1.13.3",
  "serial": 8,
  "lineage": "4ec8f949-2969-b310-0779-b2cb77c63053",
  "outputs": {
    "app_id": {
      "value": "1d46a6e2-a2c7-4689-b065-ad4f5970aa9a",
      "type": "string"
    },
    "app_url": {
      "value": "https://cookies.seaburr.io",
      "type": "string"
    }
  },
  "resources": [
    {
      "mode": "managed",
      "type": "digitalocean_app",
      "name": "cookie_cutter_maker",
      "provider": "provider[\"registry.terraform.io/digitalocean/digitalocean\"]",
      "instances": [
        {
          "schema_version": 0,
          "attributes": {
            "active_deployment_id": "da8d122e-2988-4b5d-93e8-ec9ead993a37",
            "created_at": "2026-02-27 11:45:17 +0000 UTC",
            "dedicated_ips": [],
            "default_ingress": "https://cookie-cutter-maker-i4vun.ondigitalocean.app",
            "deployment_per_page": 20,
            "id": "1d46a6e2-a2c7-4689-b065-ad4f5970aa9a",
            "live_domain": "cookies.seaburr.io",
            "live_url": "https://cookies.seaburr.io",
            "project_id": "cbdeacd6-0b0b-4606-890c-5a25be5eb238",
            "spec": [
              {
                "alert": [],
                "database": [],
                "disable_edge_cache": false,
                "disable_email_obfuscation": false,
                "domain": [
                  {
                    "name": "cookies.seaburr.io",
                    "type": "PRIMARY",
                    "wildcard": false,
                    "zone": "seaburr.io"
                  }
                ],
                "domains": [
                  "cookies.seaburr.io"
                ],
                "egress": [],
                "enhanced_threat_control_enabled": false,
                "env": [],
                "features": [
                  "buildpack-stack=ubuntu-22"
                ],
                "function": [],
                "ingress": [
                  {
                    "rule": [
                      {
                        "component": [
                          {
                            "name": "api",
                            "preserve_path_prefix": false,
                            "rewrite": ""
                          }
                        ],
                        "cors": [],
                        "match": [
                          {
                            "authority": [],
                            "path": [
                              {
                                "prefix": "/"
                              }
                            ]
                          }
                        ],
                        "redirect": []
                      }
                    ],
                    "secure_header": []
                  }
                ],
                "job": [],
                "maintenance": [],
                "name": "cookie-cutter-maker",
                "region": "nyc",
                "service": [
                  {
                    "alert": [],
                    "autoscaling": [],
                    "bitbucket": [],
                    "build_command": "",
                    "cors": [],
                    "dockerfile_path": "",
                    "env": [
                      {
                        "key": "PIPELINE_OUTPUT_DIR",
                        "scope": "RUN_TIME",
                        "type": "",
                        "value": "/app/output"
                      },
                      {
                        "key": "REMBG_ENABLED",
                        "scope": "RUN_TIME",
                        "type": "",
                        "value": "false"
                      }
                    ],
                    "environment_slug": "",
                    "git": [],
                    "github": [],
                    "gitlab": [],
                    "health_check": [
                      {
                        "failure_threshold": 0,
                        "http_path": "/healthz",
                        "initial_delay_seconds": 30,
                        "period_seconds": 0,
                        "port": 0,
                        "success_threshold": 0,
                        "timeout_seconds": 0
                      }
                    ],
                    "http_port": 8000,
                    "image": [
                      {
                        "deploy_on_push": [],
                        "digest": "",
                        "registry": "seaburr",
                        "registry_credentials": "",
                        "registry_type": "GHCR",
                        "repository": "cookie-cutter-maker",
                        "tag": "latest"
                      }
                    ],
                    "instance_count": 1,
                    "instance_size_slug": "apps-s-1vcpu-1gb-fixed",
                    "internal_ports": [],
                    "log_destination": [],
                    "name": "api",
                    "routes": [],
                    "run_command": "",
                    "source_dir": "",
                    "termination": []
                  }
                ],
                "static_site": [],
                "vpc": [],
                "worker": []
              }
            ],
            "timeouts": null,
            "updated_at": "2026-02-27 14:26:18 +0000 UTC",
            "urn": "do:app:1d46a6e2-a2c7-4689-b065-ad4f5970aa9a"
          },
          "sensitive_attributes": [
            [
              {
                "type": "get_attr",
                "value": "spec"
              },
              {
                "type": "index",
                "value": {
                  "value": 0,
                  "type": "number"
                }
              },
              {
                "type": "get_attr",
                "value": "service"
              },
              {
                "type": "index",
                "value": {
                  "value": 0,
                  "type": "number"
                }
              },
              {
                "type": "get_attr",
                "value": "env"
              }
            ],
            [
              {
                "type": "get_attr",
                "value": "spec"
              },
              {
                "type": "index",
                "value": {
                  "value": 0,
                  "type": "number"
                }
              },
              {
                "type": "get_attr",
                "value": "service"
              },
              {
                "type": "index",
                "value": {
                  "value": 0,
                  "type": "number"
                }
              },
              {
                "type": "get_attr",
                "value": "image"
              },
              {
                "type": "index",
                "value": {
                  "value": 0,
                  "type": "number"
                }
              },
              {
                "type": "get_attr",
                "value": "registry_credentials"
              }
            ]
          ],
          "identity_schema_version": 0,
          "private": "eyJlMmJmYjczMC1lY2FhLTExZTYtOGY4OC0zNDM2M2JjN2M0YzAiOnsiY3JlYXRlIjoxODAwMDAwMDAwMDAwfX0="
        }
      ]
    }
  ],
  "check_results": null
}
